// !$*UTF8*$!
{
	archiveVersion = 1;
	classes = {
	};
	objectVersion = 50;
	objects = {

/* Begin PBXBuildFile section */
		DB70582825AF1E15007F6CB4 /* AppDelegate.swift in Sources */ = {isa = PBXBuildFile; fileRef = DB70582725AF1E15007F6CB4 /* AppDelegate.swift */; };
		DB70582A25AF1E15007F6CB4 /* SceneDelegate.swift in Sources */ = {isa = PBXBuildFile; fileRef = DB70582925AF1E15007F6CB4 /* SceneDelegate.swift */; };
		DB70582C25AF1E15007F6CB4 /* ViewController.swift in Sources */ = {isa = PBXBuildFile; fileRef = DB70582B25AF1E15007F6CB4 /* ViewController.swift */; };
		DB70582F25AF1E15007F6CB4 /* Main.storyboard in Resources */ = {isa = PBXBuildFile; fileRef = DB70582D25AF1E15007F6CB4 /* Main.storyboard */; };
		DB70583125AF1E1B007F6CB4 /* Assets.xcassets in Resources */ = {isa = PBXBuildFile; fileRef = DB70583025AF1E1B007F6CB4 /* Assets.xcassets */; };
		DB70583425AF1E1B007F6CB4 /* LaunchScreen.storyboard in Resources */ = {isa = PBXBuildFile; fileRef = DB70583225AF1E1B007F6CB4 /* LaunchScreen.storyboard */; };
		DB70586225AF20C6007F6CB4 /* SangwooFramework.framework in Frameworks */ = {isa = PBXBuildFile; fileRef = DB70585A25AF1FD8007F6CB4 /* SangwooFramework.framework */; };
		DB70586325AF20C6007F6CB4 /* SangwooFramework.framework in Embed Frameworks */ = {isa = PBXBuildFile; fileRef = DB70585A25AF1FD8007F6CB4 /* SangwooFramework.framework */; settings = {ATTRIBUTES = (CodeSignOnCopy, RemoveHeadersOnCopy, ); }; };
/* End PBXBuildFile section */

/* Begin PBXContainerItemProxy section */
		DB70585925AF1FD8007F6CB4 /* PBXContainerItemProxy */ = {
			isa = PBXContainerItemProxy;
			containerPortal = DB70585525AF1FD8007F6CB4 /* SangwooFramework.xcodeproj */;
			proxyType = 2;
			remoteGlobalIDString = DB70584625AF1EC3007F6CB4;
			remoteInfo = SangwooFramework;
		};
/* End PBXContainerItemProxy section */

/* Begin PBXCopyFilesBuildPhase section */
		DB70586425AF20C6007F6CB4 /* Embed Frameworks */ = {
			isa = PBXCopyFilesBuildPhase;
			buildActionMask = 2147483647;
			dstPath = "";
			dstSubfolderSpec = 10;
			files = (
				DB70586325AF20C6007F6CB4 /* SangwooFramework.framework in Embed Frameworks */,
			);
			name = "Embed Frameworks";
			runOnlyForDeploymentPostprocessing = 0;
		};
/* End PBXCopyFilesBuildPhase section */

/* Begin PBXFileReference section */
		DB70582425AF1E15007F6CB4 /* Access Control.app */ = {isa = PBXFileReference; explicitFileType = wrapper.application; includeInIndex = 0; path = "Access Control.app"; sourceTree = BUILT_PRODUCTS_DIR; };
		DB70582725AF1E15007F6CB4 /* AppDelegate.swift */ = {isa = PBXFileReference; lastKnownFileType = sourcecode.swift; path = AppDelegate.swift; sourceTree = "<group>"; };
		DB70582925AF1E15007F6CB4 /* SceneDelegate.swift */ = {isa = PBXFileReference; lastKnownFileType = sourcecode.swift; path = SceneDelegate.swift; sourceTree = "<group>"; };
		DB70582B25AF1E15007F6CB4 /* ViewController.swift */ = {isa = PBXFileReference; lastKnownFileType = sourcecode.swift; path = ViewController.swift; sourceTree = "<group>"; };
		DB70582E25AF1E15007F6CB4 /* Base */ = {isa = PBXFileReference; lastKnownFileType = file.storyboard; name = Base; path = Base.lproj/Main.storyboard; sourceTree = "<group>"; };
		DB70583025AF1E1B007F6CB4 /* Assets.xcassets */ = {isa = PBXFileReference; lastKnownFileType = folder.assetcatalog; path = Assets.xcassets; sourceTree = "<group>"; };
		DB70583325AF1E1B007F6CB4 /* Base */ = {isa = PBXFileReference; lastKnownFileType = file.storyboard; name = Base; path = Base.lproj/LaunchScreen.storyboard; sourceTree = "<group>"; };
		DB70583525AF1E1B007F6CB4 /* Info.plist */ = {isa = PBXFileReference; lastKnownFileType = text.plist.xml; path = Info.plist; sourceTree = "<group>"; };
		DB70585525AF1FD8007F6CB4 /* SangwooFramework.xcodeproj */ = {isa = PBXFileReference; lastKnownFileType = "wrapper.pb-project"; name = SangwooFramework.xcodeproj; path = ../SangwooFramework/SangwooFramework.xcodeproj; sourceTree = "<group>"; };
/* End PBXFileReference section */

/* Begin PBXFrameworksBuildPhase section */
		DB70582125AF1E15007F6CB4 /* Frameworks */ = {
			isa = PBXFrameworksBuildPhase;
			buildActionMask = 2147483647;
			files = (
				DB70586225AF20C6007F6CB4 /* SangwooFramework.framework in Frameworks */,
			);
			runOnlyForDeploymentPostprocessing = 0;
		};
/* End PBXFrameworksBuildPhase section */

/* Begin PBXGroup section */
		DB70581B25AF1E15007F6CB4 = {
			isa = PBXGroup;
			children = (
				DB70585525AF1FD8007F6CB4 /* SangwooFramework.xcodeproj */,
				DB70582625AF1E15007F6CB4 /* Access Control */,
				DB70582525AF1E15007F6CB4 /* Products */,
				DB70585D25AF2033007F6CB4 /* Frameworks */,
			);
			sourceTree = "<group>";
		};
		DB70582525AF1E15007F6CB4 /* Products */ = {
			isa = PBXGroup;
			children = (
				DB70582425AF1E15007F6CB4 /* Access Control.app */,
			);
			name = Products;
			sourceTree = "<group>";
		};
		DB70582625AF1E15007F6CB4 /* Access Control */ = {
			isa = PBXGroup;
			children = (
				DB70582725AF1E15007F6CB4 /* AppDelegate.swift */,
				DB70582925AF1E15007F6CB4 /* SceneDelegate.swift */,
				DB70582B25AF1E15007F6CB4 /* ViewController.swift */,
				DB70582D25AF1E15007F6CB4 /* Main.storyboard */,
				DB70583025AF1E1B007F6CB4 /* Assets.xcassets */,
				DB70583225AF1E1B007F6CB4 /* LaunchScreen.storyboard */,
				DB70583525AF1E1B007F6CB4 /* Info.plist */,
			);
			path = "Access Control";
			sourceTree = "<group>";
		};
		DB70585625AF1FD8007F6CB4 /* Products */ = {
			isa = PBXGroup;
			children = (
				DB70585A25AF1FD8007F6CB4 /* SangwooFramework.framework */,
			);
			name = Products;
			sourceTree = "<group>";
		};
		DB70585D25AF2033007F6CB4 /* Frameworks */ = {
			isa = PBXGroup;
			children = (
			);
			name = Frameworks;
			sourceTree = "<group>";
		};
/* End PBXGroup section */

/* Begin PBXNativeTarget section */
		DB70582325AF1E15007F6CB4 /* Access Control */ = {
			isa = PBXNativeTarget;
			buildConfigurationList = DB70583825AF1E1B007F6CB4 /* Build configuration list for PBXNativeTarget "Access Control" */;
			buildPhases = (
				DB70582025AF1E15007F6CB4 /* Sources */,
				DB70582125AF1E15007F6CB4 /* Frameworks */,
				DB70582225AF1E15007F6CB4 /* Resources */,
				DB70586425AF20C6007F6CB4 /* Embed Frameworks */,
			);
			buildRules = (
			);
			dependencies = (
			);
			name = "Access Control";
			productName = "Access Control";
			productReference = DB70582425AF1E15007F6CB4 /* Access Control.app */;
			productType = "com.apple.product-type.application";
		};
/* End PBXNativeTarget section */

/* Begin PBXProject section */
		DB70581C25AF1E15007F6CB4 /* Project object */ = {
			isa = PBXProject;
			attributes = {
				LastSwiftUpdateCheck = 1230;
				LastUpgradeCheck = 1230;
				TargetAttributes = {
					DB70582325AF1E15007F6CB4 = {
						CreatedOnToolsVersion = 12.3;
					};
				};
			};
			buildConfigurationList = DB70581F25AF1E15007F6CB4 /* Build configuration list for PBXProject "Access Control" */;
			compatibilityVersion = "Xcode 9.3";
			developmentRegion = en;
			hasScannedForEncodings = 0;
			knownRegions = (
				en,
				Base,
			);
			mainGroup = DB70581B25AF1E15007F6CB4;
			productRefGroup = DB70582525AF1E15007F6CB4 /* Products */;
			projectDirPath = "";
			projectReferences = (
				{
					ProductGroup = DB70585625AF1FD8007F6CB4 /* Products */;
					ProjectRef = DB70585525AF1FD8007F6CB4 /* SangwooFramework.xcodeproj */;
				},
			);
			projectRoot = "";
			targets = (
				DB70582325AF1E15007F6CB4 /* Access Control */,
			);
		};
/* End PBXProject section */

/* Begin PBXReferenceProxy section */
		DB70585A25AF1FD8007F6CB4 /* SangwooFramework.framework */ = {
			isa = PBXReferenceProxy;
			fileType = wrapper.framework;
			path = SangwooFramework.framework;
			remoteRef = DB70585925AF1FD8007F6CB4 /* PBXContainerItemProxy */;
			sourceTree = BUILT_PRODUCTS_DIR;
		};
/* End PBXReferenceProxy section */

/* Begin PBXResourcesBuildPhase section */
		DB70582225AF1E15007F6CB4 /* Resources */ = {
			isa = PBXResourcesBuildPhase;
			buildActionMask = 2147483647;
			files = (
				DB70583425AF1E1B007F6CB4 /* LaunchScreen.storyboard in Resources */,
				DB70583125AF1E1B007F6CB4 /* Assets.xcassets in Resources */,
				DB70582F25AF1E15007F6CB4 /* Main.storyboard in Resources */,
			);
			runOnlyForDeploymentPostprocessing = 0;
		};
/* End PBXResourcesBuildPhase section */

/* Begin PBXSourcesBuildPhase section */
		DB70582025AF1E15007F6CB4 /* Sources */ = {
			isa = PBXSourcesBuildPhase;
			buildActionMask = 2147483647;
			files = (
				DB70582C25AF1E15007F6CB4 /* ViewController.swift in Sources */,
				DB70582825AF1E15007F6CB4 /* AppDelegate.swift in Sources */,
				DB70582A25AF1E15007F6CB4 /* SceneDelegate.swift in Sources */,
			);
			runOnlyForDeploymentPostprocessing = 0;
		};
/* End PBXSourcesBuildPhase section */

/* Begin PBXVariantGroup section */
		DB70582D25AF1E15007F6CB4 /* Main.storyboard */ = {
			isa = PBXVariantGroup;
			children = (
				DB70582E25AF1E15007F6CB4 /* Base */,
			);
			name = Main.storyboard;
			sourceTree = "<group>";
		};
		DB70583225AF1E1B007F6CB4 /* LaunchScreen.storyboard */ = {
			isa = PBXVariantGroup;
			children = (
				DB70583325AF1E1B007F6CB4 /* Base */,
			);
			name = LaunchScreen.storyboard;
			sourceTree = "<group>";
		};
/* End PBXVariantGroup section */

/* Begin XCBuildConfiguration section */
		DB70583625AF1E1B007F6CB4 /* Debug */ = {
			isa = XCBuildConfiguration;
			buildSettings = {
				ALWAYS_SEARCH_USER_PATHS = NO;
				CLANG_ANALYZER_NONNULL = YES;
				CLANG_ANALYZER_NUMBER_OBJECT_CONVERSION = YES_AGGRESSIVE;
				CLANG_CXX_LANGUAGE_STANDARD = "gnu++14";
				CLANG_CXX_LIBRARY = "libc++";
				CLANG_ENABLE_MODULES = YES;
				CLANG_ENABLE_OBJC_ARC = YES;
				CLANG_ENABLE_OBJC_WEAK = YES;
				CLANG_WARN_BLOCK_CAPTURE_AUTORELEASING = YES;
				CLANG_WARN_BOOL_CONVERSION = YES;
				CLANG_WARN_COMMA = YES;
				CLANG_WARN_CONSTANT_CONVERSION = YES;
				CLANG_WARN_DEPRECATED_OBJC_IMPLEMENTATIONS = YES;
				CLANG_WARN_DIRECT_OBJC_ISA_USAGE = YES_ERROR;
				CLANG_WARN_DOCUMENTATION_COMMENTS = YES;
				CLANG_WARN_EMPTY_BODY = YES;
				CLANG_WARN_ENUM_CONVERSION = YES;
				CLANG_WARN_INFINITE_RECURSION = YES;
				CLANG_WARN_INT_CONVERSION = YES;
				CLANG_WARN_NON_LITERAL_NULL_CONVERSION = YES;
				CLANG_WARN_OBJC_IMPLICIT_RETAIN_SELF = YES;
				CLANG_WARN_OBJC_LITERAL_CONVERSION = YES;
				CLANG_WARN_OBJC_ROOT_CLASS = YES_ERROR;
				CLANG_WARN_QUOTED_INCLUDE_IN_FRAMEWORK_HEADER = YES;
				CLANG_WARN_RANGE_LOOP_ANALYSIS = YES;
				CLANG_WARN_STRICT_PROTOTYPES = YES;
				CLANG_WARN_SUSPICIOUS_MOVE = YES;
				CLANG_WARN_UNGUARDED_AVAILABILITY = YES_AGGRESSIVE;
				CLANG_WARN_UNREACHABLE_CODE = YES;
				CLANG_WARN__DUPLICATE_METHOD_MATCH = YES;
				COPY_PHASE_STRIP = NO;
				DEBUG_INFORMATION_FORMAT = dwarf;
				ENABLE_STRICT_OBJC_MSGSEND = YES;
				ENABLE_TESTABILITY = YES;
				GCC_C_LANGUAGE_STANDARD = gnu11;
				GCC_DYNAMIC_NO_PIC = NO;
				GCC_NO_COMMON_BLOCKS = YES;
				GCC_OPTIMIZATION_LEVEL = 0;
				GCC_PREPROCESSOR_DEFINITIONS = (
					"DEBUG=1",
					"$(inherited)",
				);
				GCC_WARN_64_TO_32_BIT_CONVERSION = YES;
				GCC_WARN_ABOUT_RETURN_TYPE = YES_ERROR;
				GCC_WARN_UNDECLARED_SELECTOR = YES;
				GCC_WARN_UNINITIALIZED_AUTOS = YES_AGGRESSIVE;
				GCC_WARN_UNUSED_FUNCTION = YES;
				GCC_WARN_UNUSED_VARIABLE = YES;
				IPHONEOS_DEPLOYMENT_TARGET = 14.3;
				MTL_ENABLE_DEBUG_INFO = INCLUDE_SOURCE;
				MTL_FAST_MATH = YES;
				ONLY_ACTIVE_ARCH = YES;
				SDKROOT = iphoneos;
				SWIFT_ACTIVE_COMPILATION_CONDITIONS = DEBUG;
				SWIFT_OPTIMIZATION_LEVEL = "-Onone";
			};
			name = Debug;
		};
		DB70583725AF1E1B007F6CB4 /* Release */ = {
			isa = XCBuildConfiguration;
			buildSettings = {
				ALWAYS_SEARCH_USER_PATHS = NO;
				CLANG_ANALYZER_NONNULL = YES;
				CLANG_ANALYZER_NUMBER_OBJECT_CONVERSION = YES_AGGRESSIVE;
				CLANG_CXX_LANGUAGE_STANDARD = "gnu++14";
				CLANG_CXX_LIBRARY = "libc++";
				CLANG_ENABLE_MODULES = YES;
				CLANG_ENABLE_OBJC_ARC = YES;
				CLANG_ENABLE_OBJC_WEAK = YES;
				CLANG_WARN_BLOCK_CAPTURE_AUTORELEASING = YES;
				CLANG_WARN_BOOL_CONVERSION = YES;
				CLANG_WARN_COMMA = YES;
				CLANG_WARN_CONSTANT_CONVERSION = YES;
				CLANG_WARN_DEPRECATED_OBJC_IMPLEMENTATIONS = YES;
				CLANG_WARN_DIRECT_OBJC_ISA_USAGE = YES_ERROR;
				CLANG_WARN_DOCUMENTATION_COMMENTS = YES;
				CLANG_WARN_EMPTY_BODY = YES;
				CLANG_WARN_ENUM_CONVERSION = YES;
				CLANG_WARN_INFINITE_RECURSION = YES;
				CLANG_WARN_INT_CONVERSION = YES;
				CLANG_WARN_NON_LITERAL_NULL_CONVERSION = YES;
				CLANG_WARN_OBJC_IMPLICIT_RETAIN_SELF = YES;
				CLANG_WARN_OBJC_LITERAL_CONVERSION = YES;
				CLANG_WARN_OBJC_ROOT_CLASS = YES_ERROR;
				CLANG_WARN_QUOTED_INCLUDE_IN_FRAMEWORK_HEADER = YES;
				CLANG_WARN_RANGE_LOOP_ANALYSIS = YES;
				CLANG_WARN_STRICT_PROTOTYPES = YES;
				CLANG_WARN_SUSPICIOUS_MOVE = YES;
				CLANG_WARN_UNGUARDED_AVAILABILITY = YES_AGGRESSIVE;
				CLANG_WARN_UNREACHABLE_CODE = YES;
				CLANG_WARN__DUPLICATE_METHOD_MATCH = YES;
				COPY_PHASE_STRIP = NO;
				DEBUG_INFORMATION_FORMAT = "dwarf-with-dsym";
				ENABLE_NS_ASSERTIONS = NO;
				ENABLE_STRICT_OBJC_MSGSEND = YES;
				GCC_C_LANGUAGE_STANDARD = gnu11;
				GCC_NO_COMMON_BLOCKS = YES;
				GCC_WARN_64_TO_32_BIT_CONVERSION = YES;
				GCC_WARN_ABOUT_RETURN_TYPE = YES_ERROR;
				GCC_WARN_UNDECLARED_SELECTOR = YES;
				GCC_WARN_UNINITIALIZED_AUTOS = YES_AGGRESSIVE;
				GCC_WARN_UNUSED_FUNCTION = YES;
				GCC_WARN_UNUSED_VARIABLE = YES;
				IPHONEOS_DEPLOYMENT_TARGET = 14.3;
				MTL_ENABLE_DEBUG_INFO = NO;
				MTL_FAST_MATH = YES;
				SDKROOT = iphoneos;
				SWIFT_COMPILATION_MODE = wholemodule;
				SWIFT_OPTIMIZATION_LEVEL = "-O";
				VALIDATE_PRODUCT = YES;
			};
			name = Release;
		};
		DB70583925AF1E1B007F6CB4 /* Debug */ = {
			isa = XCBuildConfiguration;
			buildSettings = {
				ASSETCATALOG_COMPILER_APPICON_NAME = AppIcon;
				ASSETCATALOG_COMPILER_GLOBAL_ACCENT_COLOR_NAME = AccentColor;
				CODE_SIGN_STYLE = Automatic;
				DEVELOPMENT_TEAM = S9FWN83WX8;
				INFOPLIST_FILE = "Access Control/Info.plist";
				LD_RUNPATH_SEARCH_PATHS = (
					"$(inherited)",
					"@executable_path/Frameworks",
				);
				PRODUCT_BUNDLE_IDENTIFIER = "sangwoo.Access-Control";
				PRODUCT_NAME = "$(TARGET_NAME)";
				SWIFT_VERSION = 5.0;
				TARGETED_DEVICE_FAMILY = "1,2";
			};
			name = Debug;
		};
		DB70583A25AF1E1B007F6CB4 /* Release */ = {
			isa = XCBuildConfiguration;
			buildSettings = {
				ASSETCATALOG_COMPILER_APPICON_NAME = AppIcon;
				ASSETCATALOG_COMPILER_GLOBAL_ACCENT_COLOR_NAME = AccentColor;
				CODE_SIGN_STYLE = Automatic;
				DEVELOPMENT_TEAM = S9FWN83WX8;
				INFOPLIST_FILE = "Access Control/Info.plist";
				LD_RUNPATH_SEARCH_PATHS = (
					"$(inherited)",
					"@executable_path/Frameworks",
				);
				PRODUCT_BUNDLE_IDENTIFIER = "sangwoo.Access-Control";
				PRODUCT_NAME = "$(TARGET_NAME)";
				SWIFT_VERSION = 5.0;
				TARGETED_DEVICE_FAMILY = "1,2";
			};
			name = Release;
		};
/* End XCBuildConfiguration section */

/* Begin XCConfigurationList section */
		DB70581F25AF1E15007F6CB4 /* Build configuration list for PBXProject "Access Control" */ = {
			isa = XCConfigurationList;
			buildConfigurations = (
				DB70583625AF1E1B007F6CB4 /* Debug */,
				DB70583725AF1E1B007F6CB4 /* Release */,
			);
			defaultConfigurationIsVisible = 0;
			defaultConfigurationName = Release;
		};
		DB70583825AF1E1B007F6CB4 /* Build configuration list for PBXNativeTarget "Access Control" */ = {
			isa = XCConfigurationList;
			buildConfigurations = (
				DB70583925AF1E1B007F6CB4 /* Debug */,
				DB70583A25AF1E1B007F6CB4 /* Release */,
			);
			defaultConfigurationIsVisible = 0;
			defaultConfigurationName = Release;
		};
/* End XCConfigurationList section */
	};
	rootObject = DB70581C25AF1E15007F6CB4 /* Project object */;
}
