// !$*UTF8*$!
{
	archiveVersion = 1;
	classes = {
	};
	objectVersion = 50;
	objects = {

/* Begin PBXBuildFile section */
		DB1DDB4E2558310C0067388C /* AppDelegate.swift in Sources */ = {isa = PBXBuildFile; fileRef = DB1DDB4D2558310C0067388C /* AppDelegate.swift */; };
		DB1DDB502558310C0067388C /* SceneDelegate.swift in Sources */ = {isa = PBXBuildFile; fileRef = DB1DDB4F2558310C0067388C /* SceneDelegate.swift */; };
		DB1DDB522558310C0067388C /* ViewController.swift in Sources */ = {isa = PBXBuildFile; fileRef = DB1DDB512558310C0067388C /* ViewController.swift */; };
		DB1DDB552558310C0067388C /* Main.storyboard in Resources */ = {isa = PBXBuildFile; fileRef = DB1DDB532558310C0067388C /* Main.storyboard */; };
		DB1DDB572558310D0067388C /* Assets.xcassets in Resources */ = {isa = PBXBuildFile; fileRef = DB1DDB562558310D0067388C /* Assets.xcassets */; };
		DB1DDB5A2558310D0067388C /* LaunchScreen.storyboard in Resources */ = {isa = PBXBuildFile; fileRef = DB1DDB582558310D0067388C /* LaunchScreen.storyboard */; };
/* End PBXBuildFile section */

/* Begin PBXFileReference section */
		DB1DDB4A2558310C0067388C /* Slider Bar - Alpha Controll.app */ = {isa = PBXFileReference; explicitFileType = wrapper.application; includeInIndex = 0; path = "Slider Bar - Alpha Controll.app"; sourceTree = BUILT_PRODUCTS_DIR; };
		DB1DDB4D2558310C0067388C /* AppDelegate.swift */ = {isa = PBXFileReference; lastKnownFileType = sourcecode.swift; path = AppDelegate.swift; sourceTree = "<group>"; };
		DB1DDB4F2558310C0067388C /* SceneDelegate.swift */ = {isa = PBXFileReference; lastKnownFileType = sourcecode.swift; path = SceneDelegate.swift; sourceTree = "<group>"; };
		DB1DDB512558310C0067388C /* ViewController.swift */ = {isa = PBXFileReference; lastKnownFileType = sourcecode.swift; path = ViewController.swift; sourceTree = "<group>"; };
		DB1DDB542558310C0067388C /* Base */ = {isa = PBXFileReference; lastKnownFileType = file.storyboard; name = Base; path = Base.lproj/Main.storyboard; sourceTree = "<group>"; };
		DB1DDB562558310D0067388C /* Assets.xcassets */ = {isa = PBXFileReference; lastKnownFileType = folder.assetcatalog; path = Assets.xcassets; sourceTree = "<group>"; };
		DB1DDB592558310D0067388C /* Base */ = {isa = PBXFileReference; lastKnownFileType = file.storyboard; name = Base; path = Base.lproj/LaunchScreen.storyboard; sourceTree = "<group>"; };
		DB1DDB5B2558310D0067388C /* Info.plist */ = {isa = PBXFileReference; lastKnownFileType = text.plist.xml; path = Info.plist; sourceTree = "<group>"; };
/* End PBXFileReference section */

/* Begin PBXFrameworksBuildPhase section */
		DB1DDB472558310C0067388C /* Frameworks */ = {
			isa = PBXFrameworksBuildPhase;
			buildActionMask = 2147483647;
			files = (
			);
			runOnlyForDeploymentPostprocessing = 0;
		};
/* End PBXFrameworksBuildPhase section */

/* Begin PBXGroup section */
		DB1DDB412558310C0067388C = {
			isa = PBXGroup;
			children = (
				DB1DDB4C2558310C0067388C /* Slider Bar - Alpha Controll */,
				DB1DDB4B2558310C0067388C /* Products */,
			);
			sourceTree = "<group>";
		};
		DB1DDB4B2558310C0067388C /* Products */ = {
			isa = PBXGroup;
			children = (
				DB1DDB4A2558310C0067388C /* Slider Bar - Alpha Controll.app */,
			);
			name = Products;
			sourceTree = "<group>";
		};
		DB1DDB4C2558310C0067388C /* Slider Bar - Alpha Controll */ = {
			isa = PBXGroup;
			children = (
				DB1DDB63255831330067388C /* Home */,
				DB1DDB62255831170067388C /* Style */,
			);
			path = "Slider Bar - Alpha Controll";
			sourceTree = "<group>";
		};
		DB1DDB62255831170067388C /* Style */ = {
			isa = PBXGroup;
			children = (
				DB1DDB4D2558310C0067388C /* AppDelegate.swift */,
				DB1DDB4F2558310C0067388C /* SceneDelegate.swift */,
				DB1DDB562558310D0067388C /* Assets.xcassets */,
				DB1DDB582558310D0067388C /* LaunchScreen.storyboard */,
				DB1DDB5B2558310D0067388C /* Info.plist */,
			);
			path = Style;
			sourceTree = "<group>";
		};
		DB1DDB63255831330067388C /* Home */ = {
			isa = PBXGroup;
			children = (
				DB1DDB532558310C0067388C /* Main.storyboard */,
				DB1DDB512558310C0067388C /* ViewController.swift */,
			);
			path = Home;
			sourceTree = "<group>";
		};
/* End PBXGroup section */

/* Begin PBXNativeTarget section */
		DB1DDB492558310C0067388C /* Slider Bar - Alpha Controll */ = {
			isa = PBXNativeTarget;
			buildConfigurationList = DB1DDB5E2558310D0067388C /* Build configuration list for PBXNativeTarget "Slider Bar - Alpha Controll" */;
			buildPhases = (
				DB1DDB462558310C0067388C /* Sources */,
				DB1DDB472558310C0067388C /* Frameworks */,
				DB1DDB482558310C0067388C /* Resources */,
			);
			buildRules = (
			);
			dependencies = (
			);
			name = "Slider Bar - Alpha Controll";
			productName = "Slider Bar - Alpha Controll";
			productReference = DB1DDB4A2558310C0067388C /* Slider Bar - Alpha Controll.app */;
			productType = "com.apple.product-type.application";
		};
/* End PBXNativeTarget section */

/* Begin PBXProject section */
		DB1DDB422558310C0067388C /* Project object */ = {
			isa = PBXProject;
			attributes = {
				LastSwiftUpdateCheck = 1210;
				LastUpgradeCheck = 1210;
				TargetAttributes = {
					DB1DDB492558310C0067388C = {
						CreatedOnToolsVersion = 12.1;
					};
				};
			};
			buildConfigurationList = DB1DDB452558310C0067388C /* Build configuration list for PBXProject "Slider Bar - Alpha Controll" */;
			compatibilityVersion = "Xcode 9.3";
			developmentRegion = en;
			hasScannedForEncodings = 0;
			knownRegions = (
				en,
				Base,
			);
			mainGroup = DB1DDB412558310C0067388C;
			productRefGroup = DB1DDB4B2558310C0067388C /* Products */;
			projectDirPath = "";
			projectRoot = "";
			targets = (
				DB1DDB492558310C0067388C /* Slider Bar - Alpha Controll */,
			);
		};
/* End PBXProject section */

/* Begin PBXResourcesBuildPhase section */
		DB1DDB482558310C0067388C /* Resources */ = {
			isa = PBXResourcesBuildPhase;
			buildActionMask = 2147483647;
			files = (
				DB1DDB5A2558310D0067388C /* LaunchScreen.storyboard in Resources */,
				DB1DDB572558310D0067388C /* Assets.xcassets in Resources */,
				DB1DDB552558310C0067388C /* Main.storyboard in Resources */,
			);
			runOnlyForDeploymentPostprocessing = 0;
		};
/* End PBXResourcesBuildPhase section */

/* Begin PBXSourcesBuildPhase section */
		DB1DDB462558310C0067388C /* Sources */ = {
			isa = PBXSourcesBuildPhase;
			buildActionMask = 2147483647;
			files = (
				DB1DDB522558310C0067388C /* ViewController.swift in Sources */,
				DB1DDB4E2558310C0067388C /* AppDelegate.swift in Sources */,
				DB1DDB502558310C0067388C /* SceneDelegate.swift in Sources */,
			);
			runOnlyForDeploymentPostprocessing = 0;
		};
/* End PBXSourcesBuildPhase section */

/* Begin PBXVariantGroup section */
		DB1DDB532558310C0067388C /* Main.storyboard */ = {
			isa = PBXVariantGroup;
			children = (
				DB1DDB542558310C0067388C /* Base */,
			);
			name = Main.storyboard;
			sourceTree = "<group>";
		};
		DB1DDB582558310D0067388C /* LaunchScreen.storyboard */ = {
			isa = PBXVariantGroup;
			children = (
				DB1DDB592558310D0067388C /* Base */,
			);
			name = LaunchScreen.storyboard;
			sourceTree = "<group>";
		};
/* End PBXVariantGroup section */

/* Begin XCBuildConfiguration section */
		DB1DDB5C2558310D0067388C /* Debug */ = {
			isa = XCBuildConfiguration;
			buildSettings = {
				ALWAYS_SEARCH_USER_PATHS = NO;
				CLANG_ANALYZER_NONNULL = YES;
				CLANG_ANALYZER_NUMBER_OBJECT_CONVERSION = YES_AGGRESSIVE;
				CLANG_CXX_LANGUAGE_STANDARD = "gnu++14";
				CLANG_CXX_LIBRARY = "libc++";
				CLANG_ENABLE_MODULES = YES;
				CLANG_ENABLE_OBJC_ARC = YES;
				CLANG_ENABLE_OBJC_WEAK = YES;
				CLANG_WARN_BLOCK_CAPTURE_AUTORELEASING = YES;
				CLANG_WARN_BOOL_CONVERSION = YES;
				CLANG_WARN_COMMA = YES;
				CLANG_WARN_CONSTANT_CONVERSION = YES;
				CLANG_WARN_DEPRECATED_OBJC_IMPLEMENTATIONS = YES;
				CLANG_WARN_DIRECT_OBJC_ISA_USAGE = YES_ERROR;
				CLANG_WARN_DOCUMENTATION_COMMENTS = YES;
				CLANG_WARN_EMPTY_BODY = YES;
				CLANG_WARN_ENUM_CONVERSION = YES;
				CLANG_WARN_INFINITE_RECURSION = YES;
				CLANG_WARN_INT_CONVERSION = YES;
				CLANG_WARN_NON_LITERAL_NULL_CONVERSION = YES;
				CLANG_WARN_OBJC_IMPLICIT_RETAIN_SELF = YES;
				CLANG_WARN_OBJC_LITERAL_CONVERSION = YES;
				CLANG_WARN_OBJC_ROOT_CLASS = YES_ERROR;
				CLANG_WARN_QUOTED_INCLUDE_IN_FRAMEWORK_HEADER = YES;
				CLANG_WARN_RANGE_LOOP_ANALYSIS = YES;
				CLANG_WARN_STRICT_PROTOTYPES = YES;
				CLANG_WARN_SUSPICIOUS_MOVE = YES;
				CLANG_WARN_UNGUARDED_AVAILABILITY = YES_AGGRESSIVE;
				CLANG_WARN_UNREACHABLE_CODE = YES;
				CLANG_WARN__DUPLICATE_METHOD_MATCH = YES;
				COPY_PHASE_STRIP = NO;
				DEBUG_INFORMATION_FORMAT = dwarf;
				ENABLE_STRICT_OBJC_MSGSEND = YES;
				ENABLE_TESTABILITY = YES;
				GCC_C_LANGUAGE_STANDARD = gnu11;
				GCC_DYNAMIC_NO_PIC = NO;
				GCC_NO_COMMON_BLOCKS = YES;
				GCC_OPTIMIZATION_LEVEL = 0;
				GCC_PREPROCESSOR_DEFINITIONS = (
					"DEBUG=1",
					"$(inherited)",
				);
				GCC_WARN_64_TO_32_BIT_CONVERSION = YES;
				GCC_WARN_ABOUT_RETURN_TYPE = YES_ERROR;
				GCC_WARN_UNDECLARED_SELECTOR = YES;
				GCC_WARN_UNINITIALIZED_AUTOS = YES_AGGRESSIVE;
				GCC_WARN_UNUSED_FUNCTION = YES;
				GCC_WARN_UNUSED_VARIABLE = YES;
				IPHONEOS_DEPLOYMENT_TARGET = 14.1;
				MTL_ENABLE_DEBUG_INFO = INCLUDE_SOURCE;
				MTL_FAST_MATH = YES;
				ONLY_ACTIVE_ARCH = YES;
				SDKROOT = iphoneos;
				SWIFT_ACTIVE_COMPILATION_CONDITIONS = DEBUG;
				SWIFT_OPTIMIZATION_LEVEL = "-Onone";
			};
			name = Debug;
		};
		DB1DDB5D2558310D0067388C /* Release */ = {
			isa = XCBuildConfiguration;
			buildSettings = {
				ALWAYS_SEARCH_USER_PATHS = NO;
				CLANG_ANALYZER_NONNULL = YES;
				CLANG_ANALYZER_NUMBER_OBJECT_CONVERSION = YES_AGGRESSIVE;
				CLANG_CXX_LANGUAGE_STANDARD = "gnu++14";
				CLANG_CXX_LIBRARY = "libc++";
				CLANG_ENABLE_MODULES = YES;
				CLANG_ENABLE_OBJC_ARC = YES;
				CLANG_ENABLE_OBJC_WEAK = YES;
				CLANG_WARN_BLOCK_CAPTURE_AUTORELEASING = YES;
				CLANG_WARN_BOOL_CONVERSION = YES;
				CLANG_WARN_COMMA = YES;
				CLANG_WARN_CONSTANT_CONVERSION = YES;
				CLANG_WARN_DEPRECATED_OBJC_IMPLEMENTATIONS = YES;
				CLANG_WARN_DIRECT_OBJC_ISA_USAGE = YES_ERROR;
				CLANG_WARN_DOCUMENTATION_COMMENTS = YES;
				CLANG_WARN_EMPTY_BODY = YES;
				CLANG_WARN_ENUM_CONVERSION = YES;
				CLANG_WARN_INFINITE_RECURSION = YES;
				CLANG_WARN_INT_CONVERSION = YES;
				CLANG_WARN_NON_LITERAL_NULL_CONVERSION = YES;
				CLANG_WARN_OBJC_IMPLICIT_RETAIN_SELF = YES;
				CLANG_WARN_OBJC_LITERAL_CONVERSION = YES;
				CLANG_WARN_OBJC_ROOT_CLASS = YES_ERROR;
				CLANG_WARN_QUOTED_INCLUDE_IN_FRAMEWORK_HEADER = YES;
				CLANG_WARN_RANGE_LOOP_ANALYSIS = YES;
				CLANG_WARN_STRICT_PROTOTYPES = YES;
				CLANG_WARN_SUSPICIOUS_MOVE = YES;
				CLANG_WARN_UNGUARDED_AVAILABILITY = YES_AGGRESSIVE;
				CLANG_WARN_UNREACHABLE_CODE = YES;
				CLANG_WARN__DUPLICATE_METHOD_MATCH = YES;
				COPY_PHASE_STRIP = NO;
				DEBUG_INFORMATION_FORMAT = "dwarf-with-dsym";
				ENABLE_NS_ASSERTIONS = NO;
				ENABLE_STRICT_OBJC_MSGSEND = YES;
				GCC_C_LANGUAGE_STANDARD = gnu11;
				GCC_NO_COMMON_BLOCKS = YES;
				GCC_WARN_64_TO_32_BIT_CONVERSION = YES;
				GCC_WARN_ABOUT_RETURN_TYPE = YES_ERROR;
				GCC_WARN_UNDECLARED_SELECTOR = YES;
				GCC_WARN_UNINITIALIZED_AUTOS = YES_AGGRESSIVE;
				GCC_WARN_UNUSED_FUNCTION = YES;
				GCC_WARN_UNUSED_VARIABLE = YES;
				IPHONEOS_DEPLOYMENT_TARGET = 14.1;
				MTL_ENABLE_DEBUG_INFO = NO;
				MTL_FAST_MATH = YES;
				SDKROOT = iphoneos;
				SWIFT_COMPILATION_MODE = wholemodule;
				SWIFT_OPTIMIZATION_LEVEL = "-O";
				VALIDATE_PRODUCT = YES;
			};
			name = Release;
		};
		DB1DDB5F2558310D0067388C /* Debug */ = {
			isa = XCBuildConfiguration;
			buildSettings = {
				ASSETCATALOG_COMPILER_APPICON_NAME = AppIcon;
				ASSETCATALOG_COMPILER_GLOBAL_ACCENT_COLOR_NAME = AccentColor;
				CODE_SIGN_STYLE = Automatic;
				DEVELOPMENT_TEAM = S9FWN83WX8;
				INFOPLIST_FILE = "Slider Bar - Alpha Controll/Style/Info.plist";
				LD_RUNPATH_SEARCH_PATHS = (
					"$(inherited)",
					"@executable_path/Frameworks",
				);
				PRODUCT_BUNDLE_IDENTIFIER = "sangwoo.Slider-Bar---Alpha-Controll";
				PRODUCT_NAME = "$(TARGET_NAME)";
				SWIFT_VERSION = 5.0;
				TARGETED_DEVICE_FAMILY = "1,2";
			};
			name = Debug;
		};
		DB1DDB602558310D0067388C /* Release */ = {
			isa = XCBuildConfiguration;
			buildSettings = {
				ASSETCATALOG_COMPILER_APPICON_NAME = AppIcon;
				ASSETCATALOG_COMPILER_GLOBAL_ACCENT_COLOR_NAME = AccentColor;
				CODE_SIGN_STYLE = Automatic;
				DEVELOPMENT_TEAM = S9FWN83WX8;
				INFOPLIST_FILE = "Slider Bar - Alpha Controll/Style/Info.plist";
				LD_RUNPATH_SEARCH_PATHS = (
					"$(inherited)",
					"@executable_path/Frameworks",
				);
				PRODUCT_BUNDLE_IDENTIFIER = "sangwoo.Slider-Bar---Alpha-Controll";
				PRODUCT_NAME = "$(TARGET_NAME)";
				SWIFT_VERSION = 5.0;
				TARGETED_DEVICE_FAMILY = "1,2";
			};
			name = Release;
		};
/* End XCBuildConfiguration section */

/* Begin XCConfigurationList section */
		DB1DDB452558310C0067388C /* Build configuration list for PBXProject "Slider Bar - Alpha Controll" */ = {
			isa = XCConfigurationList;
			buildConfigurations = (
				DB1DDB5C2558310D0067388C /* Debug */,
				DB1DDB5D2558310D0067388C /* Release */,
			);
			defaultConfigurationIsVisible = 0;
			defaultConfigurationName = Release;
		};
		DB1DDB5E2558310D0067388C /* Build configuration list for PBXNativeTarget "Slider Bar - Alpha Controll" */ = {
			isa = XCConfigurationList;
			buildConfigurations = (
				DB1DDB5F2558310D0067388C /* Debug */,
				DB1DDB602558310D0067388C /* Release */,
			);
			defaultConfigurationIsVisible = 0;
			defaultConfigurationName = Release;
		};
/* End XCConfigurationList section */
	};
	rootObject = DB1DDB422558310C0067388C /* Project object */;
}
