// !$*UTF8*$!
{
	archiveVersion = 1;
	classes = {
	};
	objectVersion = 50;
	objects = {

/* Begin PBXBuildFile section */
		DBBF24ED2556DD8600211601 /* AppDelegate.swift in Sources */ = {isa = PBXBuildFile; fileRef = DBBF24EC2556DD8600211601 /* AppDelegate.swift */; };
		DBBF24EF2556DD8600211601 /* SceneDelegate.swift in Sources */ = {isa = PBXBuildFile; fileRef = DBBF24EE2556DD8600211601 /* SceneDelegate.swift */; };
		DBBF24F12556DD8600211601 /* ViewController.swift in Sources */ = {isa = PBXBuildFile; fileRef = DBBF24F02556DD8600211601 /* ViewController.swift */; };
		DBBF24F42556DD8600211601 /* Main.storyboard in Resources */ = {isa = PBXBuildFile; fileRef = DBBF24F22556DD8600211601 /* Main.storyboard */; };
		DBBF24F62556DD8700211601 /* Assets.xcassets in Resources */ = {isa = PBXBuildFile; fileRef = DBBF24F52556DD8700211601 /* Assets.xcassets */; };
		DBBF24F92556DD8700211601 /* LaunchScreen.storyboard in Resources */ = {isa = PBXBuildFile; fileRef = DBBF24F72556DD8700211601 /* LaunchScreen.storyboard */; };
/* End PBXBuildFile section */

/* Begin PBXFileReference section */
		DBBF24E92556DD8600211601 /* Date Clock.app */ = {isa = PBXFileReference; explicitFileType = wrapper.application; includeInIndex = 0; path = "Date Clock.app"; sourceTree = BUILT_PRODUCTS_DIR; };
		DBBF24EC2556DD8600211601 /* AppDelegate.swift */ = {isa = PBXFileReference; lastKnownFileType = sourcecode.swift; path = AppDelegate.swift; sourceTree = "<group>"; };
		DBBF24EE2556DD8600211601 /* SceneDelegate.swift */ = {isa = PBXFileReference; lastKnownFileType = sourcecode.swift; path = SceneDelegate.swift; sourceTree = "<group>"; };
		DBBF24F02556DD8600211601 /* ViewController.swift */ = {isa = PBXFileReference; lastKnownFileType = sourcecode.swift; path = ViewController.swift; sourceTree = "<group>"; };
		DBBF24F32556DD8600211601 /* Base */ = {isa = PBXFileReference; lastKnownFileType = file.storyboard; name = Base; path = Base.lproj/Main.storyboard; sourceTree = "<group>"; };
		DBBF24F52556DD8700211601 /* Assets.xcassets */ = {isa = PBXFileReference; lastKnownFileType = folder.assetcatalog; path = Assets.xcassets; sourceTree = "<group>"; };
		DBBF24F82556DD8700211601 /* Base */ = {isa = PBXFileReference; lastKnownFileType = file.storyboard; name = Base; path = Base.lproj/LaunchScreen.storyboard; sourceTree = "<group>"; };
		DBBF24FA2556DD8700211601 /* Info.plist */ = {isa = PBXFileReference; lastKnownFileType = text.plist.xml; path = Info.plist; sourceTree = "<group>"; };
/* End PBXFileReference section */

/* Begin PBXFrameworksBuildPhase section */
		DBBF24E62556DD8600211601 /* Frameworks */ = {
			isa = PBXFrameworksBuildPhase;
			buildActionMask = 2147483647;
			files = (
			);
			runOnlyForDeploymentPostprocessing = 0;
		};
/* End PBXFrameworksBuildPhase section */

/* Begin PBXGroup section */
		DBBF24E02556DD8600211601 = {
			isa = PBXGroup;
			children = (
				DBBF24EB2556DD8600211601 /* Date Clock */,
				DBBF24EA2556DD8600211601 /* Products */,
			);
			sourceTree = "<group>";
		};
		DBBF24EA2556DD8600211601 /* Products */ = {
			isa = PBXGroup;
			children = (
				DBBF24E92556DD8600211601 /* Date Clock.app */,
			);
			name = Products;
			sourceTree = "<group>";
		};
		DBBF24EB2556DD8600211601 /* Date Clock */ = {
			isa = PBXGroup;
			children = (
				DBBF25032556DDBD00211601 /* Home */,
				DBBF25022556DDA500211601 /* Style */,
			);
			path = "Date Clock";
			sourceTree = "<group>";
		};
		DBBF25022556DDA500211601 /* Style */ = {
			isa = PBXGroup;
			children = (
				DBBF24EC2556DD8600211601 /* AppDelegate.swift */,
				DBBF24F72556DD8700211601 /* LaunchScreen.storyboard */,
				DBBF24EE2556DD8600211601 /* SceneDelegate.swift */,
				DBBF24F52556DD8700211601 /* Assets.xcassets */,
				DBBF24FA2556DD8700211601 /* Info.plist */,
			);
			path = Style;
			sourceTree = "<group>";
		};
		DBBF25032556DDBD00211601 /* Home */ = {
			isa = PBXGroup;
			children = (
				DBBF24F02556DD8600211601 /* ViewController.swift */,
				DBBF24F22556DD8600211601 /* Main.storyboard */,
			);
			path = Home;
			sourceTree = "<group>";
		};
/* End PBXGroup section */

/* Begin PBXNativeTarget section */
		DBBF24E82556DD8600211601 /* Date Clock */ = {
			isa = PBXNativeTarget;
			buildConfigurationList = DBBF24FD2556DD8700211601 /* Build configuration list for PBXNativeTarget "Date Clock" */;
			buildPhases = (
				DBBF24E52556DD8600211601 /* Sources */,
				DBBF24E62556DD8600211601 /* Frameworks */,
				DBBF24E72556DD8600211601 /* Resources */,
			);
			buildRules = (
			);
			dependencies = (
			);
			name = "Date Clock";
			productName = "Date Clock";
			productReference = DBBF24E92556DD8600211601 /* Date Clock.app */;
			productType = "com.apple.product-type.application";
		};
/* End PBXNativeTarget section */

/* Begin PBXProject section */
		DBBF24E12556DD8600211601 /* Project object */ = {
			isa = PBXProject;
			attributes = {
				LastSwiftUpdateCheck = 1210;
				LastUpgradeCheck = 1210;
				TargetAttributes = {
					DBBF24E82556DD8600211601 = {
						CreatedOnToolsVersion = 12.1;
					};
				};
			};
			buildConfigurationList = DBBF24E42556DD8600211601 /* Build configuration list for PBXProject "Date Clock" */;
			compatibilityVersion = "Xcode 9.3";
			developmentRegion = en;
			hasScannedForEncodings = 0;
			knownRegions = (
				en,
				Base,
			);
			mainGroup = DBBF24E02556DD8600211601;
			productRefGroup = DBBF24EA2556DD8600211601 /* Products */;
			projectDirPath = "";
			projectRoot = "";
			targets = (
				DBBF24E82556DD8600211601 /* Date Clock */,
			);
		};
/* End PBXProject section */

/* Begin PBXResourcesBuildPhase section */
		DBBF24E72556DD8600211601 /* Resources */ = {
			isa = PBXResourcesBuildPhase;
			buildActionMask = 2147483647;
			files = (
				DBBF24F92556DD8700211601 /* LaunchScreen.storyboard in Resources */,
				DBBF24F62556DD8700211601 /* Assets.xcassets in Resources */,
				DBBF24F42556DD8600211601 /* Main.storyboard in Resources */,
			);
			runOnlyForDeploymentPostprocessing = 0;
		};
/* End PBXResourcesBuildPhase section */

/* Begin PBXSourcesBuildPhase section */
		DBBF24E52556DD8600211601 /* Sources */ = {
			isa = PBXSourcesBuildPhase;
			buildActionMask = 2147483647;
			files = (
				DBBF24F12556DD8600211601 /* ViewController.swift in Sources */,
				DBBF24ED2556DD8600211601 /* AppDelegate.swift in Sources */,
				DBBF24EF2556DD8600211601 /* SceneDelegate.swift in Sources */,
			);
			runOnlyForDeploymentPostprocessing = 0;
		};
/* End PBXSourcesBuildPhase section */

/* Begin PBXVariantGroup section */
		DBBF24F22556DD8600211601 /* Main.storyboard */ = {
			isa = PBXVariantGroup;
			children = (
				DBBF24F32556DD8600211601 /* Base */,
			);
			name = Main.storyboard;
			sourceTree = "<group>";
		};
		DBBF24F72556DD8700211601 /* LaunchScreen.storyboard */ = {
			isa = PBXVariantGroup;
			children = (
				DBBF24F82556DD8700211601 /* Base */,
			);
			name = LaunchScreen.storyboard;
			sourceTree = "<group>";
		};
/* End PBXVariantGroup section */

/* Begin XCBuildConfiguration section */
		DBBF24FB2556DD8700211601 /* Debug */ = {
			isa = XCBuildConfiguration;
			buildSettings = {
				ALWAYS_SEARCH_USER_PATHS = NO;
				CLANG_ANALYZER_NONNULL = YES;
				CLANG_ANALYZER_NUMBER_OBJECT_CONVERSION = YES_AGGRESSIVE;
				CLANG_CXX_LANGUAGE_STANDARD = "gnu++14";
				CLANG_CXX_LIBRARY = "libc++";
				CLANG_ENABLE_MODULES = YES;
				CLANG_ENABLE_OBJC_ARC = YES;
				CLANG_ENABLE_OBJC_WEAK = YES;
				CLANG_WARN_BLOCK_CAPTURE_AUTORELEASING = YES;
				CLANG_WARN_BOOL_CONVERSION = YES;
				CLANG_WARN_COMMA = YES;
				CLANG_WARN_CONSTANT_CONVERSION = YES;
				CLANG_WARN_DEPRECATED_OBJC_IMPLEMENTATIONS = YES;
				CLANG_WARN_DIRECT_OBJC_ISA_USAGE = YES_ERROR;
				CLANG_WARN_DOCUMENTATION_COMMENTS = YES;
				CLANG_WARN_EMPTY_BODY = YES;
				CLANG_WARN_ENUM_CONVERSION = YES;
				CLANG_WARN_INFINITE_RECURSION = YES;
				CLANG_WARN_INT_CONVERSION = YES;
				CLANG_WARN_NON_LITERAL_NULL_CONVERSION = YES;
				CLANG_WARN_OBJC_IMPLICIT_RETAIN_SELF = YES;
				CLANG_WARN_OBJC_LITERAL_CONVERSION = YES;
				CLANG_WARN_OBJC_ROOT_CLASS = YES_ERROR;
				CLANG_WARN_QUOTED_INCLUDE_IN_FRAMEWORK_HEADER = YES;
				CLANG_WARN_RANGE_LOOP_ANALYSIS = YES;
				CLANG_WARN_STRICT_PROTOTYPES = YES;
				CLANG_WARN_SUSPICIOUS_MOVE = YES;
				CLANG_WARN_UNGUARDED_AVAILABILITY = YES_AGGRESSIVE;
				CLANG_WARN_UNREACHABLE_CODE = YES;
				CLANG_WARN__DUPLICATE_METHOD_MATCH = YES;
				COPY_PHASE_STRIP = NO;
				DEBUG_INFORMATION_FORMAT = dwarf;
				ENABLE_STRICT_OBJC_MSGSEND = YES;
				ENABLE_TESTABILITY = YES;
				GCC_C_LANGUAGE_STANDARD = gnu11;
				GCC_DYNAMIC_NO_PIC = NO;
				GCC_NO_COMMON_BLOCKS = YES;
				GCC_OPTIMIZATION_LEVEL = 0;
				GCC_PREPROCESSOR_DEFINITIONS = (
					"DEBUG=1",
					"$(inherited)",
				);
				GCC_WARN_64_TO_32_BIT_CONVERSION = YES;
				GCC_WARN_ABOUT_RETURN_TYPE = YES_ERROR;
				GCC_WARN_UNDECLARED_SELECTOR = YES;
				GCC_WARN_UNINITIALIZED_AUTOS = YES_AGGRESSIVE;
				GCC_WARN_UNUSED_FUNCTION = YES;
				GCC_WARN_UNUSED_VARIABLE = YES;
				IPHONEOS_DEPLOYMENT_TARGET = 14.1;
				MTL_ENABLE_DEBUG_INFO = INCLUDE_SOURCE;
				MTL_FAST_MATH = YES;
				ONLY_ACTIVE_ARCH = YES;
				SDKROOT = iphoneos;
				SWIFT_ACTIVE_COMPILATION_CONDITIONS = DEBUG;
				SWIFT_OPTIMIZATION_LEVEL = "-Onone";
			};
			name = Debug;
		};
		DBBF24FC2556DD8700211601 /* Release */ = {
			isa = XCBuildConfiguration;
			buildSettings = {
				ALWAYS_SEARCH_USER_PATHS = NO;
				CLANG_ANALYZER_NONNULL = YES;
				CLANG_ANALYZER_NUMBER_OBJECT_CONVERSION = YES_AGGRESSIVE;
				CLANG_CXX_LANGUAGE_STANDARD = "gnu++14";
				CLANG_CXX_LIBRARY = "libc++";
				CLANG_ENABLE_MODULES = YES;
				CLANG_ENABLE_OBJC_ARC = YES;
				CLANG_ENABLE_OBJC_WEAK = YES;
				CLANG_WARN_BLOCK_CAPTURE_AUTORELEASING = YES;
				CLANG_WARN_BOOL_CONVERSION = YES;
				CLANG_WARN_COMMA = YES;
				CLANG_WARN_CONSTANT_CONVERSION = YES;
				CLANG_WARN_DEPRECATED_OBJC_IMPLEMENTATIONS = YES;
				CLANG_WARN_DIRECT_OBJC_ISA_USAGE = YES_ERROR;
				CLANG_WARN_DOCUMENTATION_COMMENTS = YES;
				CLANG_WARN_EMPTY_BODY = YES;
				CLANG_WARN_ENUM_CONVERSION = YES;
				CLANG_WARN_INFINITE_RECURSION = YES;
				CLANG_WARN_INT_CONVERSION = YES;
				CLANG_WARN_NON_LITERAL_NULL_CONVERSION = YES;
				CLANG_WARN_OBJC_IMPLICIT_RETAIN_SELF = YES;
				CLANG_WARN_OBJC_LITERAL_CONVERSION = YES;
				CLANG_WARN_OBJC_ROOT_CLASS = YES_ERROR;
				CLANG_WARN_QUOTED_INCLUDE_IN_FRAMEWORK_HEADER = YES;
				CLANG_WARN_RANGE_LOOP_ANALYSIS = YES;
				CLANG_WARN_STRICT_PROTOTYPES = YES;
				CLANG_WARN_SUSPICIOUS_MOVE = YES;
				CLANG_WARN_UNGUARDED_AVAILABILITY = YES_AGGRESSIVE;
				CLANG_WARN_UNREACHABLE_CODE = YES;
				CLANG_WARN__DUPLICATE_METHOD_MATCH = YES;
				COPY_PHASE_STRIP = NO;
				DEBUG_INFORMATION_FORMAT = "dwarf-with-dsym";
				ENABLE_NS_ASSERTIONS = NO;
				ENABLE_STRICT_OBJC_MSGSEND = YES;
				GCC_C_LANGUAGE_STANDARD = gnu11;
				GCC_NO_COMMON_BLOCKS = YES;
				GCC_WARN_64_TO_32_BIT_CONVERSION = YES;
				GCC_WARN_ABOUT_RETURN_TYPE = YES_ERROR;
				GCC_WARN_UNDECLARED_SELECTOR = YES;
				GCC_WARN_UNINITIALIZED_AUTOS = YES_AGGRESSIVE;
				GCC_WARN_UNUSED_FUNCTION = YES;
				GCC_WARN_UNUSED_VARIABLE = YES;
				IPHONEOS_DEPLOYMENT_TARGET = 14.1;
				MTL_ENABLE_DEBUG_INFO = NO;
				MTL_FAST_MATH = YES;
				SDKROOT = iphoneos;
				SWIFT_COMPILATION_MODE = wholemodule;
				SWIFT_OPTIMIZATION_LEVEL = "-O";
				VALIDATE_PRODUCT = YES;
			};
			name = Release;
		};
		DBBF24FE2556DD8700211601 /* Debug */ = {
			isa = XCBuildConfiguration;
			buildSettings = {
				ASSETCATALOG_COMPILER_APPICON_NAME = AppIcon;
				ASSETCATALOG_COMPILER_GLOBAL_ACCENT_COLOR_NAME = AccentColor;
				CODE_SIGN_STYLE = Automatic;
				DEVELOPMENT_TEAM = S9FWN83WX8;
				INFOPLIST_FILE = "Date Clock/Style/Info.plist";
				LD_RUNPATH_SEARCH_PATHS = (
					"$(inherited)",
					"@executable_path/Frameworks",
				);
				PRODUCT_BUNDLE_IDENTIFIER = "sangwoo.Date-Clock";
				PRODUCT_NAME = "$(TARGET_NAME)";
				SWIFT_VERSION = 5.0;
				TARGETED_DEVICE_FAMILY = "1,2";
			};
			name = Debug;
		};
		DBBF24FF2556DD8700211601 /* Release */ = {
			isa = XCBuildConfiguration;
			buildSettings = {
				ASSETCATALOG_COMPILER_APPICON_NAME = AppIcon;
				ASSETCATALOG_COMPILER_GLOBAL_ACCENT_COLOR_NAME = AccentColor;
				CODE_SIGN_STYLE = Automatic;
				DEVELOPMENT_TEAM = S9FWN83WX8;
				INFOPLIST_FILE = "Date Clock/Style/Info.plist";
				LD_RUNPATH_SEARCH_PATHS = (
					"$(inherited)",
					"@executable_path/Frameworks",
				);
				PRODUCT_BUNDLE_IDENTIFIER = "sangwoo.Date-Clock";
				PRODUCT_NAME = "$(TARGET_NAME)";
				SWIFT_VERSION = 5.0;
				TARGETED_DEVICE_FAMILY = "1,2";
			};
			name = Release;
		};
/* End XCBuildConfiguration section */

/* Begin XCConfigurationList section */
		DBBF24E42556DD8600211601 /* Build configuration list for PBXProject "Date Clock" */ = {
			isa = XCConfigurationList;
			buildConfigurations = (
				DBBF24FB2556DD8700211601 /* Debug */,
				DBBF24FC2556DD8700211601 /* Release */,
			);
			defaultConfigurationIsVisible = 0;
			defaultConfigurationName = Release;
		};
		DBBF24FD2556DD8700211601 /* Build configuration list for PBXNativeTarget "Date Clock" */ = {
			isa = XCConfigurationList;
			buildConfigurations = (
				DBBF24FE2556DD8700211601 /* Debug */,
				DBBF24FF2556DD8700211601 /* Release */,
			);
			defaultConfigurationIsVisible = 0;
			defaultConfigurationName = Release;
		};
/* End XCConfigurationList section */
	};
	rootObject = DBBF24E12556DD8600211601 /* Project object */;
}
